
Microsoft Visual Studio Solution File, Format Version 12.00
# Visual Studio Version 16
VisualStudioVersion = 16.0.30907.101
MinimumVisualStudioVersion = 10.0.40219.1
Project("{FAE04EC0-301F-11D3-BF4B-00C04F79EFBC}") = "Energialaskuriproto", "Energialaskuriproto\Energialaskuriproto.csproj", "{4D91CE48-2A7F-4E6A-8BD5-29B5BAEE5F50}"
EndProject
Global
	GlobalSection(SolutionConfigurationPlatforms) = preSolution
		Debug|Any CPU = Debug|Any CPU
		Release|Any CPU = Release|Any CPU
	EndGlobalSection
	GlobalSection(ProjectConfigurationPlatforms) = postSolution
		{4D91CE48-2A7F-4E6A-8BD5-29B5BAEE5F50}.Debug|Any CPU.ActiveCfg = Debug|Any CPU
		{4D91CE48-2A7F-4E6A-8BD5-29B5BAEE5F50}.Debug|Any CPU.Build.0 = Debug|Any CPU
		{4D91CE48-2A7F-4E6A-8BD5-29B5BAEE5F50}.Release|Any CPU.ActiveCfg = Release|Any CPU
		{4D91CE48-2A7F-4E6A-8BD5-29B5BAEE5F50}.Release|Any CPU.Build.0 = Release|Any CPU
	EndGlobalSection
	GlobalSection(SolutionProperties) = preSolution
		HideSolutionNode = FALSE
	EndGlobalSection
	GlobalSection(ExtensibilityGlobals) = postSolution
		SolutionGuid = {4C58989F-64D1-4BA8-B310-044B5C496636}
	EndGlobalSection
EndGlobal
